
Microsoft Visual Studio Solution File, Format Version 12.00
# Visual Studio Version 16
VisualStudioVersion = 16.0.31829.152
MinimumVisualStudioVersion = 10.0.40219.1
Project("{FAE04EC0-301F-11D3-BF4B-00C04F79EFBC}") = "Sender", "Sender\Sender.csproj", "{8FC95E4C-C874-4180-AB34-AEBBF6700CBD}"
EndProject
Project("{FAE04EC0-301F-11D3-BF4B-00C04F79EFBC}") = "Receiver", "Receiver\Receiver.csproj", "{3FE240AE-AF18-4B99-B3EF-9CA894FA460E}"
EndProject
Global
	GlobalSection(SolutionConfigurationPlatforms) = preSolution
		Debug|Any CPU = Debug|Any CPU
		Release|Any CPU = Release|Any CPU
	EndGlobalSection
	GlobalSection(ProjectConfigurationPlatforms) = postSolution
		{8FC95E4C-C874-4180-AB34-AEBBF6700CBD}.Debug|Any CPU.ActiveCfg = Debug|Any CPU
		{8FC95E4C-C874-4180-AB34-AEBBF6700CBD}.Debug|Any CPU.Build.0 = Debug|Any CPU
		{8FC95E4C-C874-4180-AB34-AEBBF6700CBD}.Release|Any CPU.ActiveCfg = Release|Any CPU
		{8FC95E4C-C874-4180-AB34-AEBBF6700CBD}.Release|Any CPU.Build.0 = Release|Any CPU
		{3FE240AE-AF18-4B99-B3EF-9CA894FA460E}.Debug|Any CPU.ActiveCfg = Debug|Any CPU
		{3FE240AE-AF18-4B99-B3EF-9CA894FA460E}.Debug|Any CPU.Build.0 = Debug|Any CPU
		{3FE240AE-AF18-4B99-B3EF-9CA894FA460E}.Release|Any CPU.ActiveCfg = Release|Any CPU
		{3FE240AE-AF18-4B99-B3EF-9CA894FA460E}.Release|Any CPU.Build.0 = Release|Any CPU
	EndGlobalSection
	GlobalSection(SolutionProperties) = preSolution
		HideSolutionNode = FALSE
	EndGlobalSection
	GlobalSection(ExtensibilityGlobals) = postSolution
		SolutionGuid = {32EEA927-8855-4539-A8DF-FD700F0E419E}
	EndGlobalSection
EndGlobal
